// !$*UTF8*$!
{
	archiveVersion = 1;
	classes = {
	};
	objectVersion = 55;
	objects = {

/* Begin PBXBuildFile section */
		3F1727E3277CD9C900EC0AF3 /* AuthModel.swift in Sources */ = {isa = PBXBuildFile; fileRef = 3F1727E2277CD9C900EC0AF3 /* AuthModel.swift */; };
		3F1727E5277CD9D300EC0AF3 /* AuthViewModel.swift in Sources */ = {isa = PBXBuildFile; fileRef = 3F1727E4277CD9D300EC0AF3 /* AuthViewModel.swift */; };
		3F1727E7277CDAAB00EC0AF3 /* LoginView.swift in Sources */ = {isa = PBXBuildFile; fileRef = 3F1727E6277CDAAB00EC0AF3 /* LoginView.swift */; };
		3F1727E9277CED6300EC0AF3 /* RegisterView.swift in Sources */ = {isa = PBXBuildFile; fileRef = 3F1727E8277CED6300EC0AF3 /* RegisterView.swift */; };
		3F1727EB277CF1FD00EC0AF3 /* MainView.swift in Sources */ = {isa = PBXBuildFile; fileRef = 3F1727EA277CF1FD00EC0AF3 /* MainView.swift */; };
		3F1727ED277CF20600EC0AF3 /* MainViewModel.swift in Sources */ = {isa = PBXBuildFile; fileRef = 3F1727EC277CF20600EC0AF3 /* MainViewModel.swift */; };
		3F1727F1277CFA9B00EC0AF3 /* CustomCurveShape.swift in Sources */ = {isa = PBXBuildFile; fileRef = 3F1727F0277CFA9B00EC0AF3 /* CustomCurveShape.swift */; };
		3F1727F4277CFE8400EC0AF3 /* HomeView.swift in Sources */ = {isa = PBXBuildFile; fileRef = 3F1727F3277CFE8400EC0AF3 /* HomeView.swift */; };
		3F1727F6277D049400EC0AF3 /* ProductModel.swift in Sources */ = {isa = PBXBuildFile; fileRef = 3F1727F5277D049400EC0AF3 /* ProductModel.swift */; };
		3F1727F8277D04CB00EC0AF3 /* HomeViewModel.swift in Sources */ = {isa = PBXBuildFile; fileRef = 3F1727F7277D04CB00EC0AF3 /* HomeViewModel.swift */; };
		3F1727FA277D165600EC0AF3 /* PersonView.swift in Sources */ = {isa = PBXBuildFile; fileRef = 3F1727F9277D165600EC0AF3 /* PersonView.swift */; };
		3F1D399F277CCA5F00E75D81 /* eRestaurant_TezApp.swift in Sources */ = {isa = PBXBuildFile; fileRef = 3F1D399E277CCA5F00E75D81 /* eRestaurant_TezApp.swift */; };
		3F1D39A1277CCA5F00E75D81 /* ContentView.swift in Sources */ = {isa = PBXBuildFile; fileRef = 3F1D39A0277CCA5F00E75D81 /* ContentView.swift */; };
		3F1D39A3277CCA6000E75D81 /* Assets.xcassets in Resources */ = {isa = PBXBuildFile; fileRef = 3F1D39A2277CCA6000E75D81 /* Assets.xcassets */; };
		3F1D39A6277CCA6000E75D81 /* Preview Assets.xcassets in Resources */ = {isa = PBXBuildFile; fileRef = 3F1D39A5277CCA6000E75D81 /* Preview Assets.xcassets */; };
		3F1D39B3277CCF6200E75D81 /* CustomCorners.swift in Sources */ = {isa = PBXBuildFile; fileRef = 3F1D39B2277CCF6200E75D81 /* CustomCorners.swift */; };
		3F29DD4B278F17240099021A /* CategoryDetail.swift in Sources */ = {isa = PBXBuildFile; fileRef = 3F29DD4A278F17240099021A /* CategoryDetail.swift */; };
		3F3CC43127F0B46000EE3552 /* ForgotPasswordView.swift in Sources */ = {isa = PBXBuildFile; fileRef = 3F3CC43027F0B46000EE3552 /* ForgotPasswordView.swift */; };
		3F58B055277E24970064A247 /* FaqInformation.swift in Sources */ = {isa = PBXBuildFile; fileRef = 3F58B054277E24970064A247 /* FaqInformation.swift */; };
		3F58B057277F12300064A247 /* PasswordInformation.swift in Sources */ = {isa = PBXBuildFile; fileRef = 3F58B056277F12300064A247 /* PasswordInformation.swift */; };
		3F58B059277F20D30064A247 /* PrivacyInformation.swift in Sources */ = {isa = PBXBuildFile; fileRef = 3F58B058277F20D30064A247 /* PrivacyInformation.swift */; };
		3F58B05B277F23E50064A247 /* HelpdeskInformation.swift in Sources */ = {isa = PBXBuildFile; fileRef = 3F58B05A277F23E50064A247 /* HelpdeskInformation.swift */; };
		3F58B05D277F24F80064A247 /* AboutUsInformation.swift in Sources */ = {isa = PBXBuildFile; fileRef = 3F58B05C277F24F80064A247 /* AboutUsInformation.swift */; };
		3F58B05F277F30770064A247 /* Webservice.swift in Sources */ = {isa = PBXBuildFile; fileRef = 3F58B05E277F30770064A247 /* Webservice.swift */; };
		3F58B063277F37A50064A247 /* WelcomeView.swift in Sources */ = {isa = PBXBuildFile; fileRef = 3F58B062277F37A50064A247 /* WelcomeView.swift */; };
		3F81186C27D4F551003D1EBE /* BasketModel.swift in Sources */ = {isa = PBXBuildFile; fileRef = 3F81186B27D4F551003D1EBE /* BasketModel.swift */; };
		3F81186E27D4F702003D1EBE /* BasketView.swift in Sources */ = {isa = PBXBuildFile; fileRef = 3F81186D27D4F702003D1EBE /* BasketView.swift */; };
		3F81187327D544D7003D1EBE /* BasketDetail.swift in Sources */ = {isa = PBXBuildFile; fileRef = 3F81187227D544D7003D1EBE /* BasketDetail.swift */; };
		3FAC46B72788BA510006CEA8 /* CategoryModel.swift in Sources */ = {isa = PBXBuildFile; fileRef = 3FAC46B62788BA510006CEA8 /* CategoryModel.swift */; };
		3FAC46BC2788CEAF0006CEA8 /* CategoryViewModel.swift in Sources */ = {isa = PBXBuildFile; fileRef = 3FAC46BB2788CEAF0006CEA8 /* CategoryViewModel.swift */; };
		3FAC46BE2788CFE00006CEA8 /* CategoryView.swift in Sources */ = {isa = PBXBuildFile; fileRef = 3FAC46BD2788CFE00006CEA8 /* CategoryView.swift */; };
		3FAC46C52788E06B0006CEA8 /* ImageWebservice.swift in Sources */ = {isa = PBXBuildFile; fileRef = 3FAC46C42788E06B0006CEA8 /* ImageWebservice.swift */; };
		3FAC46C92788E0D60006CEA8 /* CategoryImage.swift in Sources */ = {isa = PBXBuildFile; fileRef = 3FAC46C82788E0D60006CEA8 /* CategoryImage.swift */; };
		3FB02DA127DCD92400BFAC6F /* Poppins-SemiBold.ttf in Resources */ = {isa = PBXBuildFile; fileRef = 3FB02D9E27DCD92400BFAC6F /* Poppins-SemiBold.ttf */; };
		3FB02DA227DCD92400BFAC6F /* Poppins-Regular.ttf in Resources */ = {isa = PBXBuildFile; fileRef = 3FB02D9F27DCD92400BFAC6F /* Poppins-Regular.ttf */; };
		3FB02DA327DCD92400BFAC6F /* Poppins-Bold.ttf in Resources */ = {isa = PBXBuildFile; fileRef = 3FB02DA027DCD92400BFAC6F /* Poppins-Bold.ttf */; };
		3FB02DA527DCE91E00BFAC6F /* BasketViewModel.swift in Sources */ = {isa = PBXBuildFile; fileRef = 3FB02DA427DCE91E00BFAC6F /* BasketViewModel.swift */; };
		3FB02DA727DCFEC600BFAC6F /* TableModel.swift in Sources */ = {isa = PBXBuildFile; fileRef = 3FB02DA627DCFEC600BFAC6F /* TableModel.swift */; };
		3FB02DAA27DD2F7E00BFAC6F /* OrderDetail.swift in Sources */ = {isa = PBXBuildFile; fileRef = 3FB02DA927DD2F7E00BFAC6F /* OrderDetail.swift */; };
		3FB02DAC27DD327B00BFAC6F /* OrderView.swift in Sources */ = {isa = PBXBuildFile; fileRef = 3FB02DAB27DD327B00BFAC6F /* OrderView.swift */; };
		3FB02DAE27DD467400BFAC6F /* OrderModel.swift in Sources */ = {isa = PBXBuildFile; fileRef = 3FB02DAD27DD467400BFAC6F /* OrderModel.swift */; };
		3FB02DB027DD46C800BFAC6F /* OrderViewModel.swift in Sources */ = {isa = PBXBuildFile; fileRef = 3FB02DAF27DD46C800BFAC6F /* OrderViewModel.swift */; };
		3FC4538A27DE4AD400FFE1CE /* HomeModel.swift in Sources */ = {isa = PBXBuildFile; fileRef = 3FC4538927DE4AD400FFE1CE /* HomeModel.swift */; };
		3FDAF03627A409890031A466 /* ProductDetail.swift in Sources */ = {isa = PBXBuildFile; fileRef = 3FDAF03527A409890031A466 /* ProductDetail.swift */; };
		3FF98E7E277D9FA7003935A4 /* PersonelInformation.swift in Sources */ = {isa = PBXBuildFile; fileRef = 3FF98E7D277D9FA7003935A4 /* PersonelInformation.swift */; };
		3FF98E80277DA2B2003935A4 /* PersonViewModel.swift in Sources */ = {isa = PBXBuildFile; fileRef = 3FF98E7F277DA2B2003935A4 /* PersonViewModel.swift */; };
		3FF98E82277DAB24003935A4 /* AddressInformation.swift in Sources */ = {isa = PBXBuildFile; fileRef = 3FF98E81277DAB24003935A4 /* AddressInformation.swift */; };
		3FF98E84277DB142003935A4 /* PersonModel.swift in Sources */ = {isa = PBXBuildFile; fileRef = 3FF98E83277DB142003935A4 /* PersonModel.swift */; };
/* End PBXBuildFile section */

/* Begin PBXFileReference section */
		3F1727E1277CD1CA00EC0AF3 /* Info.plist */ = {isa = PBXFileReference; lastKnownFileType = text.plist; path = Info.plist; sourceTree = "<group>"; };
		3F1727E2277CD9C900EC0AF3 /* AuthModel.swift */ = {isa = PBXFileReference; lastKnownFileType = sourcecode.swift; path = AuthModel.swift; sourceTree = "<group>"; };
		3F1727E4277CD9D300EC0AF3 /* AuthViewModel.swift */ = {isa = PBXFileReference; lastKnownFileType = sourcecode.swift; path = AuthViewModel.swift; sourceTree = "<group>"; };
		3F1727E6277CDAAB00EC0AF3 /* LoginView.swift */ = {isa = PBXFileReference; lastKnownFileType = sourcecode.swift; path = LoginView.swift; sourceTree = "<group>"; };
		3F1727E8277CED6300EC0AF3 /* RegisterView.swift */ = {isa = PBXFileReference; lastKnownFileType = sourcecode.swift; path = RegisterView.swift; sourceTree = "<group>"; };
		3F1727EA277CF1FD00EC0AF3 /* MainView.swift */ = {isa = PBXFileReference; lastKnownFileType = sourcecode.swift; path = MainView.swift; sourceTree = "<group>"; };
		3F1727EC277CF20600EC0AF3 /* MainViewModel.swift */ = {isa = PBXFileReference; lastKnownFileType = sourcecode.swift; path = MainViewModel.swift; sourceTree = "<group>"; };
		3F1727F0277CFA9B00EC0AF3 /* CustomCurveShape.swift */ = {isa = PBXFileReference; lastKnownFileType = sourcecode.swift; path = CustomCurveShape.swift; sourceTree = "<group>"; };
		3F1727F3277CFE8400EC0AF3 /* HomeView.swift */ = {isa = PBXFileReference; lastKnownFileType = sourcecode.swift; path = HomeView.swift; sourceTree = "<group>"; };
		3F1727F5277D049400EC0AF3 /* ProductModel.swift */ = {isa = PBXFileReference; lastKnownFileType = sourcecode.swift; path = ProductModel.swift; sourceTree = "<group>"; };
		3F1727F7277D04CB00EC0AF3 /* HomeViewModel.swift */ = {isa = PBXFileReference; lastKnownFileType = sourcecode.swift; path = HomeViewModel.swift; sourceTree = "<group>"; };
		3F1727F9277D165600EC0AF3 /* PersonView.swift */ = {isa = PBXFileReference; lastKnownFileType = sourcecode.swift; path = PersonView.swift; sourceTree = "<group>"; };
		3F1D399B277CCA5F00E75D81 /* eRestaurant-Tez.app */ = {isa = PBXFileReference; explicitFileType = wrapper.application; includeInIndex = 0; path = "eRestaurant-Tez.app"; sourceTree = BUILT_PRODUCTS_DIR; };
		3F1D399E277CCA5F00E75D81 /* eRestaurant_TezApp.swift */ = {isa = PBXFileReference; lastKnownFileType = sourcecode.swift; path = eRestaurant_TezApp.swift; sourceTree = "<group>"; };
		3F1D39A0277CCA5F00E75D81 /* ContentView.swift */ = {isa = PBXFileReference; lastKnownFileType = sourcecode.swift; path = ContentView.swift; sourceTree = "<group>"; };
		3F1D39A2277CCA6000E75D81 /* Assets.xcassets */ = {isa = PBXFileReference; lastKnownFileType = folder.assetcatalog; path = Assets.xcassets; sourceTree = "<group>"; };
		3F1D39A5277CCA6000E75D81 /* Preview Assets.xcassets */ = {isa = PBXFileReference; lastKnownFileType = folder.assetcatalog; path = "Preview Assets.xcassets"; sourceTree = "<group>"; };
		3F1D39B2277CCF6200E75D81 /* CustomCorners.swift */ = {isa = PBXFileReference; lastKnownFileType = sourcecode.swift; path = CustomCorners.swift; sourceTree = "<group>"; };
		3F29DD4A278F17240099021A /* CategoryDetail.swift */ = {isa = PBXFileReference; lastKnownFileType = sourcecode.swift; path = CategoryDetail.swift; sourceTree = "<group>"; };
		3F3CC43027F0B46000EE3552 /* ForgotPasswordView.swift */ = {isa = PBXFileReference; lastKnownFileType = sourcecode.swift; path = ForgotPasswordView.swift; sourceTree = "<group>"; };
		3F58B054277E24970064A247 /* FaqInformation.swift */ = {isa = PBXFileReference; lastKnownFileType = sourcecode.swift; path = FaqInformation.swift; sourceTree = "<group>"; };
		3F58B056277F12300064A247 /* PasswordInformation.swift */ = {isa = PBXFileReference; lastKnownFileType = sourcecode.swift; path = PasswordInformation.swift; sourceTree = "<group>"; };
		3F58B058277F20D30064A247 /* PrivacyInformation.swift */ = {isa = PBXFileReference; lastKnownFileType = sourcecode.swift; path = PrivacyInformation.swift; sourceTree = "<group>"; };
		3F58B05A277F23E50064A247 /* HelpdeskInformation.swift */ = {isa = PBXFileReference; lastKnownFileType = sourcecode.swift; path = HelpdeskInformation.swift; sourceTree = "<group>"; };
		3F58B05C277F24F80064A247 /* AboutUsInformation.swift */ = {isa = PBXFileReference; lastKnownFileType = sourcecode.swift; path = AboutUsInformation.swift; sourceTree = "<group>"; };
		3F58B05E277F30770064A247 /* Webservice.swift */ = {isa = PBXFileReference; lastKnownFileType = sourcecode.swift; path = Webservice.swift; sourceTree = "<group>"; };
		3F58B062277F37A50064A247 /* WelcomeView.swift */ = {isa = PBXFileReference; lastKnownFileType = sourcecode.swift; path = WelcomeView.swift; sourceTree = "<group>"; };
		3F81186B27D4F551003D1EBE /* BasketModel.swift */ = {isa = PBXFileReference; lastKnownFileType = sourcecode.swift; path = BasketModel.swift; sourceTree = "<group>"; };
		3F81186D27D4F702003D1EBE /* BasketView.swift */ = {isa = PBXFileReference; lastKnownFileType = sourcecode.swift; path = BasketView.swift; sourceTree = "<group>"; };
		3F81187227D544D7003D1EBE /* BasketDetail.swift */ = {isa = PBXFileReference; lastKnownFileType = sourcecode.swift; path = BasketDetail.swift; sourceTree = "<group>"; };
		3FAC46B62788BA510006CEA8 /* CategoryModel.swift */ = {isa = PBXFileReference; lastKnownFileType = sourcecode.swift; path = CategoryModel.swift; sourceTree = "<group>"; };
		3FAC46BB2788CEAF0006CEA8 /* CategoryViewModel.swift */ = {isa = PBXFileReference; lastKnownFileType = sourcecode.swift; path = CategoryViewModel.swift; sourceTree = "<group>"; };
		3FAC46BD2788CFE00006CEA8 /* CategoryView.swift */ = {isa = PBXFileReference; lastKnownFileType = sourcecode.swift; path = CategoryView.swift; sourceTree = "<group>"; };
		3FAC46C42788E06B0006CEA8 /* ImageWebservice.swift */ = {isa = PBXFileReference; lastKnownFileType = sourcecode.swift; path = ImageWebservice.swift; sourceTree = "<group>"; };
		3FAC46C82788E0D60006CEA8 /* CategoryImage.swift */ = {isa = PBXFileReference; lastKnownFileType = sourcecode.swift; path = CategoryImage.swift; sourceTree = "<group>"; };
		3FB02D9E27DCD92400BFAC6F /* Poppins-SemiBold.ttf */ = {isa = PBXFileReference; lastKnownFileType = file; path = "Poppins-SemiBold.ttf"; sourceTree = "<group>"; };
		3FB02D9F27DCD92400BFAC6F /* Poppins-Regular.ttf */ = {isa = PBXFileReference; lastKnownFileType = file; path = "Poppins-Regular.ttf"; sourceTree = "<group>"; };
		3FB02DA027DCD92400BFAC6F /* Poppins-Bold.ttf */ = {isa = PBXFileReference; lastKnownFileType = file; path = "Poppins-Bold.ttf"; sourceTree = "<group>"; };
		3FB02DA427DCE91E00BFAC6F /* BasketViewModel.swift */ = {isa = PBXFileReference; lastKnownFileType = sourcecode.swift; path = BasketViewModel.swift; sourceTree = "<group>"; };
		3FB02DA627DCFEC600BFAC6F /* TableModel.swift */ = {isa = PBXFileReference; lastKnownFileType = sourcecode.swift; path = TableModel.swift; sourceTree = "<group>"; };
		3FB02DA927DD2F7E00BFAC6F /* OrderDetail.swift */ = {isa = PBXFileReference; lastKnownFileType = sourcecode.swift; path = OrderDetail.swift; sourceTree = "<group>"; };
		3FB02DAB27DD327B00BFAC6F /* OrderView.swift */ = {isa = PBXFileReference; lastKnownFileType = sourcecode.swift; path = OrderView.swift; sourceTree = "<group>"; };
		3FB02DAD27DD467400BFAC6F /* OrderModel.swift */ = {isa = PBXFileReference; lastKnownFileType = sourcecode.swift; path = OrderModel.swift; sourceTree = "<group>"; };
		3FB02DAF27DD46C800BFAC6F /* OrderViewModel.swift */ = {isa = PBXFileReference; lastKnownFileType = sourcecode.swift; path = OrderViewModel.swift; sourceTree = "<group>"; };
		3FC4538927DE4AD400FFE1CE /* HomeModel.swift */ = {isa = PBXFileReference; lastKnownFileType = sourcecode.swift; path = HomeModel.swift; sourceTree = "<group>"; };
		3FDAF03527A409890031A466 /* ProductDetail.swift */ = {isa = PBXFileReference; lastKnownFileType = sourcecode.swift; path = ProductDetail.swift; sourceTree = "<group>"; };
		3FF98E7D277D9FA7003935A4 /* PersonelInformation.swift */ = {isa = PBXFileReference; lastKnownFileType = sourcecode.swift; path = PersonelInformation.swift; sourceTree = "<group>"; };
		3FF98E7F277DA2B2003935A4 /* PersonViewModel.swift */ = {isa = PBXFileReference; lastKnownFileType = sourcecode.swift; path = PersonViewModel.swift; sourceTree = "<group>"; };
		3FF98E81277DAB24003935A4 /* AddressInformation.swift */ = {isa = PBXFileReference; lastKnownFileType = sourcecode.swift; path = AddressInformation.swift; sourceTree = "<group>"; };
		3FF98E83277DB142003935A4 /* PersonModel.swift */ = {isa = PBXFileReference; lastKnownFileType = sourcecode.swift; path = PersonModel.swift; sourceTree = "<group>"; };
/* End PBXFileReference section */

/* Begin PBXFrameworksBuildPhase section */
		3F1D3998277CCA5F00E75D81 /* Frameworks */ = {
			isa = PBXFrameworksBuildPhase;
			buildActionMask = 2147483647;
			files = (
			);
			runOnlyForDeploymentPostprocessing = 0;
		};
/* End PBXFrameworksBuildPhase section */

/* Begin PBXGroup section */
		3F1727F2277CFE7900EC0AF3 /* TabView */ = {
			isa = PBXGroup;
			children = (
				3F1727F3277CFE8400EC0AF3 /* HomeView.swift */,
				3F1727F9277D165600EC0AF3 /* PersonView.swift */,
				3FAC46BD2788CFE00006CEA8 /* CategoryView.swift */,
				3F81186D27D4F702003D1EBE /* BasketView.swift */,
				3FB02DAB27DD327B00BFAC6F /* OrderView.swift */,
			);
			path = TabView;
			sourceTree = "<group>";
		};
		3F1D3992277CCA5F00E75D81 = {
			isa = PBXGroup;
			children = (
				3F1D399D277CCA5F00E75D81 /* eRestaurant-Tez */,
				3F1D399C277CCA5F00E75D81 /* Products */,
			);
			sourceTree = "<group>";
		};
		3F1D399C277CCA5F00E75D81 /* Products */ = {
			isa = PBXGroup;
			children = (
				3F1D399B277CCA5F00E75D81 /* eRestaurant-Tez.app */,
			);
			name = Products;
			sourceTree = "<group>";
		};
		3F1D399D277CCA5F00E75D81 /* eRestaurant-Tez */ = {
			isa = PBXGroup;
			children = (
				3F1727E1277CD1CA00EC0AF3 /* Info.plist */,
				3F1D39B4277CD04700E75D81 /* Fonts */,
				3F1D39B0277CCE7300E75D81 /* App */,
				3F1D39AE277CCE3300E75D81 /* Webservice */,
				3F1D39AC277CCE2400E75D81 /* Model */,
				3F1D39AD277CCE2A00E75D81 /* ViewModel */,
				3F1D39AF277CCE3D00E75D81 /* View */,
				3F1D39A2277CCA6000E75D81 /* Assets.xcassets */,
				3F1D39A4277CCA6000E75D81 /* Preview Content */,
			);
			path = "eRestaurant-Tez";
			sourceTree = "<group>";
		};
		3F1D39A4277CCA6000E75D81 /* Preview Content */ = {
			isa = PBXGroup;
			children = (
				3F1D39A5277CCA6000E75D81 /* Preview Assets.xcassets */,
			);
			path = "Preview Content";
			sourceTree = "<group>";
		};
		3F1D39AC277CCE2400E75D81 /* Model */ = {
			isa = PBXGroup;
			children = (
				3F1727E2277CD9C900EC0AF3 /* AuthModel.swift */,
				3F1727F5277D049400EC0AF3 /* ProductModel.swift */,
				3FF98E83277DB142003935A4 /* PersonModel.swift */,
				3FAC46B62788BA510006CEA8 /* CategoryModel.swift */,
				3F81186B27D4F551003D1EBE /* BasketModel.swift */,
				3FB02DA627DCFEC600BFAC6F /* TableModel.swift */,
				3FB02DAD27DD467400BFAC6F /* OrderModel.swift */,
				3FC4538927DE4AD400FFE1CE /* HomeModel.swift */,
			);
			path = Model;
			sourceTree = "<group>";
		};
		3F1D39AD277CCE2A00E75D81 /* ViewModel */ = {
			isa = PBXGroup;
			children = (
				3F1727E4277CD9D300EC0AF3 /* AuthViewModel.swift */,
				3F1727EC277CF20600EC0AF3 /* MainViewModel.swift */,
				3F1727F7277D04CB00EC0AF3 /* HomeViewModel.swift */,
				3FF98E7F277DA2B2003935A4 /* PersonViewModel.swift */,
				3FAC46BB2788CEAF0006CEA8 /* CategoryViewModel.swift */,
				3FB02DA427DCE91E00BFAC6F /* BasketViewModel.swift */,
				3FB02DAF27DD46C800BFAC6F /* OrderViewModel.swift */,
			);
			path = ViewModel;
			sourceTree = "<group>";
		};
		3F1D39AE277CCE3300E75D81 /* Webservice */ = {
			isa = PBXGroup;
			children = (
				3F58B05E277F30770064A247 /* Webservice.swift */,
				3FAC46C42788E06B0006CEA8 /* ImageWebservice.swift */,
			);
			path = Webservice;
			sourceTree = "<group>";
		};
		3F1D39AF277CCE3D00E75D81 /* View */ = {
			isa = PBXGroup;
			children = (
				3FB02DA827DD2F6F00BFAC6F /* Order */,
				3F81186F27D543FA003D1EBE /* Basket */,
				3FAC46BF2788D2A00006CEA8 /* Category */,
				3FF98E7C277D9F93003935A4 /* Person */,
				3F1727F2277CFE7900EC0AF3 /* TabView */,
				3F1D39B1277CCEC900E75D81 /* HelperView */,
				3F1D39A0277CCA5F00E75D81 /* ContentView.swift */,
				3F1727E6277CDAAB00EC0AF3 /* LoginView.swift */,
				3F1727E8277CED6300EC0AF3 /* RegisterView.swift */,
				3F1727EA277CF1FD00EC0AF3 /* MainView.swift */,
				3F3CC43027F0B46000EE3552 /* ForgotPasswordView.swift */,
			);
			path = View;
			sourceTree = "<group>";
		};
		3F1D39B0277CCE7300E75D81 /* App */ = {
			isa = PBXGroup;
			children = (
				3F58B062277F37A50064A247 /* WelcomeView.swift */,
				3F1D399E277CCA5F00E75D81 /* eRestaurant_TezApp.swift */,
			);
			path = App;
			sourceTree = "<group>";
		};
		3F1D39B1277CCEC900E75D81 /* HelperView */ = {
			isa = PBXGroup;
			children = (
				3F1D39B2277CCF6200E75D81 /* CustomCorners.swift */,
				3F1727F0277CFA9B00EC0AF3 /* CustomCurveShape.swift */,
			);
			path = HelperView;
			sourceTree = "<group>";
		};
		3F1D39B4277CD04700E75D81 /* Fonts */ = {
			isa = PBXGroup;
			children = (
				3FB02DA027DCD92400BFAC6F /* Poppins-Bold.ttf */,
				3FB02D9F27DCD92400BFAC6F /* Poppins-Regular.ttf */,
				3FB02D9E27DCD92400BFAC6F /* Poppins-SemiBold.ttf */,
			);
			path = Fonts;
			sourceTree = "<group>";
		};
		3F81186F27D543FA003D1EBE /* Basket */ = {
			isa = PBXGroup;
			children = (
				3F81187227D544D7003D1EBE /* BasketDetail.swift */,
			);
			path = Basket;
			sourceTree = "<group>";
		};
		3FAC46BF2788D2A00006CEA8 /* Category */ = {
			isa = PBXGroup;
			children = (
				3FAC46C82788E0D60006CEA8 /* CategoryImage.swift */,
				3F29DD4A278F17240099021A /* CategoryDetail.swift */,
				3FDAF03527A409890031A466 /* ProductDetail.swift */,
			);
			path = Category;
			sourceTree = "<group>";
		};
		3FB02DA827DD2F6F00BFAC6F /* Order */ = {
			isa = PBXGroup;
			children = (
				3FB02DA927DD2F7E00BFAC6F /* OrderDetail.swift */,
			);
			path = Order;
			sourceTree = "<group>";
		};
		3FF98E7C277D9F93003935A4 /* Person */ = {
			isa = PBXGroup;
			children = (
				3FF98E7D277D9FA7003935A4 /* PersonelInformation.swift */,
				3FF98E81277DAB24003935A4 /* AddressInformation.swift */,
				3F58B054277E24970064A247 /* FaqInformation.swift */,
				3F58B056277F12300064A247 /* PasswordInformation.swift */,
				3F58B058277F20D30064A247 /* PrivacyInformation.swift */,
				3F58B05A277F23E50064A247 /* HelpdeskInformation.swift */,
				3F58B05C277F24F80064A247 /* AboutUsInformation.swift */,
			);
			path = Person;
			sourceTree = "<group>";
		};
/* End PBXGroup section */

/* Begin PBXNativeTarget section */
		3F1D399A277CCA5F00E75D81 /* eRestaurant-Tez */ = {
			isa = PBXNativeTarget;
			buildConfigurationList = 3F1D39A9277CCA6000E75D81 /* Build configuration list for PBXNativeTarget "eRestaurant-Tez" */;
			buildPhases = (
				3F1D3997277CCA5F00E75D81 /* Sources */,
				3F1D3998277CCA5F00E75D81 /* Frameworks */,
				3F1D3999277CCA5F00E75D81 /* Resources */,
			);
			buildRules = (
			);
			dependencies = (
			);
			name = "eRestaurant-Tez";
			productName = "eRestaurant-Tez";
			productReference = 3F1D399B277CCA5F00E75D81 /* eRestaurant-Tez.app */;
			productType = "com.apple.product-type.application";
		};
/* End PBXNativeTarget section */

/* Begin PBXProject section */
		3F1D3993277CCA5F00E75D81 /* Project object */ = {
			isa = PBXProject;
			attributes = {
				BuildIndependentTargetsInParallel = 1;
				LastSwiftUpdateCheck = 1300;
				LastUpgradeCheck = 1300;
				TargetAttributes = {
					3F1D399A277CCA5F00E75D81 = {
						CreatedOnToolsVersion = 13.0;
					};
				};
			};
			buildConfigurationList = 3F1D3996277CCA5F00E75D81 /* Build configuration list for PBXProject "eRestaurant-Tez" */;
			compatibilityVersion = "Xcode 13.0";
			developmentRegion = en;
			hasScannedForEncodings = 0;
			knownRegions = (
				en,
				Base,
				"tr-TR",
			);
			mainGroup = 3F1D3992277CCA5F00E75D81;
			productRefGroup = 3F1D399C277CCA5F00E75D81 /* Products */;
			projectDirPath = "";
			projectRoot = "";
			targets = (
				3F1D399A277CCA5F00E75D81 /* eRestaurant-Tez */,
			);
		};
/* End PBXProject section */

/* Begin PBXResourcesBuildPhase section */
		3F1D3999277CCA5F00E75D81 /* Resources */ = {
			isa = PBXResourcesBuildPhase;
			buildActionMask = 2147483647;
			files = (
				3FB02DA127DCD92400BFAC6F /* Poppins-SemiBold.ttf in Resources */,
				3F1D39A6277CCA6000E75D81 /* Preview Assets.xcassets in Resources */,
				3FB02DA327DCD92400BFAC6F /* Poppins-Bold.ttf in Resources */,
				3F1D39A3277CCA6000E75D81 /* Assets.xcassets in Resources */,
				3FB02DA227DCD92400BFAC6F /* Poppins-Regular.ttf in Resources */,
			);
			runOnlyForDeploymentPostprocessing = 0;
		};
/* End PBXResourcesBuildPhase section */

/* Begin PBXSourcesBuildPhase section */
		3F1D3997277CCA5F00E75D81 /* Sources */ = {
			isa = PBXSourcesBuildPhase;
			buildActionMask = 2147483647;
			files = (
				3F1727E7277CDAAB00EC0AF3 /* LoginView.swift in Sources */,
				3FB02DAA27DD2F7E00BFAC6F /* OrderDetail.swift in Sources */,
				3F58B057277F12300064A247 /* PasswordInformation.swift in Sources */,
				3FDAF03627A409890031A466 /* ProductDetail.swift in Sources */,
				3F58B05F277F30770064A247 /* Webservice.swift in Sources */,
				3F81186E27D4F702003D1EBE /* BasketView.swift in Sources */,
				3F58B05D277F24F80064A247 /* AboutUsInformation.swift in Sources */,
				3F58B05B277F23E50064A247 /* HelpdeskInformation.swift in Sources */,
				3F1727EB277CF1FD00EC0AF3 /* MainView.swift in Sources */,
				3F1727F1277CFA9B00EC0AF3 /* CustomCurveShape.swift in Sources */,
				3F3CC43127F0B46000EE3552 /* ForgotPasswordView.swift in Sources */,
				3FF98E80277DA2B2003935A4 /* PersonViewModel.swift in Sources */,
				3F1727E5277CD9D300EC0AF3 /* AuthViewModel.swift in Sources */,
				3F81186C27D4F551003D1EBE /* BasketModel.swift in Sources */,
				3F1D39A1277CCA5F00E75D81 /* ContentView.swift in Sources */,
				3FF98E84277DB142003935A4 /* PersonModel.swift in Sources */,
				3FB02DA727DCFEC600BFAC6F /* TableModel.swift in Sources */,
				3FF98E82277DAB24003935A4 /* AddressInformation.swift in Sources */,
				3F1727F4277CFE8400EC0AF3 /* HomeView.swift in Sources */,
				3FAC46B72788BA510006CEA8 /* CategoryModel.swift in Sources */,
				3F1727E9277CED6300EC0AF3 /* RegisterView.swift in Sources */,
				3F58B055277E24970064A247 /* FaqInformation.swift in Sources */,
				3F1727F6277D049400EC0AF3 /* ProductModel.swift in Sources */,
				3F1727F8277D04CB00EC0AF3 /* HomeViewModel.swift in Sources */,
				3F1727E3277CD9C900EC0AF3 /* AuthModel.swift in Sources */,
				3FB02DA527DCE91E00BFAC6F /* BasketViewModel.swift in Sources */,
				3FB02DB027DD46C800BFAC6F /* OrderViewModel.swift in Sources */,
				3F1D39B3277CCF6200E75D81 /* CustomCorners.swift in Sources */,
				3FF98E7E277D9FA7003935A4 /* PersonelInformation.swift in Sources */,
				3FB02DAC27DD327B00BFAC6F /* OrderView.swift in Sources */,
				3FAC46C52788E06B0006CEA8 /* ImageWebservice.swift in Sources */,
				3F58B063277F37A50064A247 /* WelcomeView.swift in Sources */,
				3FAC46C92788E0D60006CEA8 /* CategoryImage.swift in Sources */,
				3FAC46BE2788CFE00006CEA8 /* CategoryView.swift in Sources */,
				3FB02DAE27DD467400BFAC6F /* OrderModel.swift in Sources */,
				3F1D399F277CCA5F00E75D81 /* eRestaurant_TezApp.swift in Sources */,
				3F29DD4B278F17240099021A /* CategoryDetail.swift in Sources */,
				3F1727ED277CF20600EC0AF3 /* MainViewModel.swift in Sources */,
				3F1727FA277D165600EC0AF3 /* PersonView.swift in Sources */,
				3FC4538A27DE4AD400FFE1CE /* HomeModel.swift in Sources */,
				3FAC46BC2788CEAF0006CEA8 /* CategoryViewModel.swift in Sources */,
				3F81187327D544D7003D1EBE /* BasketDetail.swift in Sources */,
				3F58B059277F20D30064A247 /* PrivacyInformation.swift in Sources */,
			);
			runOnlyForDeploymentPostprocessing = 0;
		};
/* End PBXSourcesBuildPhase section */

/* Begin XCBuildConfiguration section */
		3F1D39A7277CCA6000E75D81 /* Debug */ = {
			isa = XCBuildConfiguration;
			buildSettings = {
				ALWAYS_SEARCH_USER_PATHS = NO;
				CLANG_ANALYZER_NONNULL = YES;
				CLANG_ANALYZER_NUMBER_OBJECT_CONVERSION = YES_AGGRESSIVE;
				CLANG_CXX_LANGUAGE_STANDARD = "gnu++17";
				CLANG_CXX_LIBRARY = "libc++";
				CLANG_ENABLE_MODULES = YES;
				CLANG_ENABLE_OBJC_ARC = YES;
				CLANG_ENABLE_OBJC_WEAK = YES;
				CLANG_WARN_BLOCK_CAPTURE_AUTORELEASING = YES;
				CLANG_WARN_BOOL_CONVERSION = YES;
				CLANG_WARN_COMMA = YES;
				CLANG_WARN_CONSTANT_CONVERSION = YES;
				CLANG_WARN_DEPRECATED_OBJC_IMPLEMENTATIONS = YES;
				CLANG_WARN_DIRECT_OBJC_ISA_USAGE = YES_ERROR;
				CLANG_WARN_DOCUMENTATION_COMMENTS = YES;
				CLANG_WARN_EMPTY_BODY = YES;
				CLANG_WARN_ENUM_CONVERSION = YES;
				CLANG_WARN_INFINITE_RECURSION = YES;
				CLANG_WARN_INT_CONVERSION = YES;
				CLANG_WARN_NON_LITERAL_NULL_CONVERSION = YES;
				CLANG_WARN_OBJC_IMPLICIT_RETAIN_SELF = YES;
				CLANG_WARN_OBJC_LITERAL_CONVERSION = YES;
				CLANG_WARN_OBJC_ROOT_CLASS = YES_ERROR;
				CLANG_WARN_QUOTED_INCLUDE_IN_FRAMEWORK_HEADER = YES;
				CLANG_WARN_RANGE_LOOP_ANALYSIS = YES;
				CLANG_WARN_STRICT_PROTOTYPES = YES;
				CLANG_WARN_SUSPICIOUS_MOVE = YES;
				CLANG_WARN_UNGUARDED_AVAILABILITY = YES_AGGRESSIVE;
				CLANG_WARN_UNREACHABLE_CODE = YES;
				CLANG_WARN__DUPLICATE_METHOD_MATCH = YES;
				COPY_PHASE_STRIP = NO;
				DEBUG_INFORMATION_FORMAT = dwarf;
				ENABLE_STRICT_OBJC_MSGSEND = YES;
				ENABLE_TESTABILITY = YES;
				GCC_C_LANGUAGE_STANDARD = gnu11;
				GCC_DYNAMIC_NO_PIC = NO;
				GCC_NO_COMMON_BLOCKS = YES;
				GCC_OPTIMIZATION_LEVEL = 0;
				GCC_PREPROCESSOR_DEFINITIONS = (
					"DEBUG=1",
					"$(inherited)",
				);
				GCC_WARN_64_TO_32_BIT_CONVERSION = YES;
				GCC_WARN_ABOUT_RETURN_TYPE = YES_ERROR;
				GCC_WARN_UNDECLARED_SELECTOR = YES;
				GCC_WARN_UNINITIALIZED_AUTOS = YES_AGGRESSIVE;
				GCC_WARN_UNUSED_FUNCTION = YES;
				GCC_WARN_UNUSED_VARIABLE = YES;
				IPHONEOS_DEPLOYMENT_TARGET = 15.0;
				MTL_ENABLE_DEBUG_INFO = INCLUDE_SOURCE;
				MTL_FAST_MATH = YES;
				ONLY_ACTIVE_ARCH = YES;
				SDKROOT = iphoneos;
				SWIFT_ACTIVE_COMPILATION_CONDITIONS = DEBUG;
				SWIFT_OPTIMIZATION_LEVEL = "-Onone";
			};
			name = Debug;
		};
		3F1D39A8277CCA6000E75D81 /* Release */ = {
			isa = XCBuildConfiguration;
			buildSettings = {
				ALWAYS_SEARCH_USER_PATHS = NO;
				CLANG_ANALYZER_NONNULL = YES;
				CLANG_ANALYZER_NUMBER_OBJECT_CONVERSION = YES_AGGRESSIVE;
				CLANG_CXX_LANGUAGE_STANDARD = "gnu++17";
				CLANG_CXX_LIBRARY = "libc++";
				CLANG_ENABLE_MODULES = YES;
				CLANG_ENABLE_OBJC_ARC = YES;
				CLANG_ENABLE_OBJC_WEAK = YES;
				CLANG_WARN_BLOCK_CAPTURE_AUTORELEASING = YES;
				CLANG_WARN_BOOL_CONVERSION = YES;
				CLANG_WARN_COMMA = YES;
				CLANG_WARN_CONSTANT_CONVERSION = YES;
				CLANG_WARN_DEPRECATED_OBJC_IMPLEMENTATIONS = YES;
				CLANG_WARN_DIRECT_OBJC_ISA_USAGE = YES_ERROR;
				CLANG_WARN_DOCUMENTATION_COMMENTS = YES;
				CLANG_WARN_EMPTY_BODY = YES;
				CLANG_WARN_ENUM_CONVERSION = YES;
				CLANG_WARN_INFINITE_RECURSION = YES;
				CLANG_WARN_INT_CONVERSION = YES;
				CLANG_WARN_NON_LITERAL_NULL_CONVERSION = YES;
				CLANG_WARN_OBJC_IMPLICIT_RETAIN_SELF = YES;
				CLANG_WARN_OBJC_LITERAL_CONVERSION = YES;
				CLANG_WARN_OBJC_ROOT_CLASS = YES_ERROR;
				CLANG_WARN_QUOTED_INCLUDE_IN_FRAMEWORK_HEADER = YES;
				CLANG_WARN_RANGE_LOOP_ANALYSIS = YES;
				CLANG_WARN_STRICT_PROTOTYPES = YES;
				CLANG_WARN_SUSPICIOUS_MOVE = YES;
				CLANG_WARN_UNGUARDED_AVAILABILITY = YES_AGGRESSIVE;
				CLANG_WARN_UNREACHABLE_CODE = YES;
				CLANG_WARN__DUPLICATE_METHOD_MATCH = YES;
				COPY_PHASE_STRIP = NO;
				DEBUG_INFORMATION_FORMAT = "dwarf-with-dsym";
				ENABLE_NS_ASSERTIONS = NO;
				ENABLE_STRICT_OBJC_MSGSEND = YES;
				GCC_C_LANGUAGE_STANDARD = gnu11;
				GCC_NO_COMMON_BLOCKS = YES;
				GCC_WARN_64_TO_32_BIT_CONVERSION = YES;
				GCC_WARN_ABOUT_RETURN_TYPE = YES_ERROR;
				GCC_WARN_UNDECLARED_SELECTOR = YES;
				GCC_WARN_UNINITIALIZED_AUTOS = YES_AGGRESSIVE;
				GCC_WARN_UNUSED_FUNCTION = YES;
				GCC_WARN_UNUSED_VARIABLE = YES;
				IPHONEOS_DEPLOYMENT_TARGET = 15.0;
				MTL_ENABLE_DEBUG_INFO = NO;
				MTL_FAST_MATH = YES;
				SDKROOT = iphoneos;
				SWIFT_COMPILATION_MODE = wholemodule;
				SWIFT_OPTIMIZATION_LEVEL = "-O";
				VALIDATE_PRODUCT = YES;
			};
			name = Release;
		};
		3F1D39AA277CCA6000E75D81 /* Debug */ = {
			isa = XCBuildConfiguration;
			buildSettings = {
				ASSETCATALOG_COMPILER_APPICON_NAME = AppIcon;
				ASSETCATALOG_COMPILER_GLOBAL_ACCENT_COLOR_NAME = AccentColor;
				CODE_SIGN_STYLE = Automatic;
				CURRENT_PROJECT_VERSION = 1;
				DEVELOPMENT_ASSET_PATHS = "\"eRestaurant-Tez/Preview Content\"";
				DEVELOPMENT_TEAM = 57W84AD39K;
				ENABLE_PREVIEWS = YES;
				GENERATE_INFOPLIST_FILE = YES;
				INFOPLIST_FILE = "eRestaurant-Tez/Info.plist";
				INFOPLIST_KEY_UIApplicationSceneManifest_Generation = YES;
				INFOPLIST_KEY_UIApplicationSupportsIndirectInputEvents = YES;
				INFOPLIST_KEY_UILaunchScreen_Generation = YES;
				INFOPLIST_KEY_UISupportedInterfaceOrientations = UIInterfaceOrientationPortrait;
				INFOPLIST_KEY_UISupportedInterfaceOrientations_iPad = "UIInterfaceOrientationPortrait UIInterfaceOrientationPortraitUpsideDown UIInterfaceOrientationLandscapeLeft UIInterfaceOrientationLandscapeRight";
				INFOPLIST_KEY_UISupportedInterfaceOrientations_iPhone = "UIInterfaceOrientationPortrait UIInterfaceOrientationLandscapeLeft UIInterfaceOrientationLandscapeRight";
				IPHONEOS_DEPLOYMENT_TARGET = 14.0;
				LD_RUNPATH_SEARCH_PATHS = (
					"$(inherited)",
					"@executable_path/Frameworks",
				);
				MARKETING_VERSION = 1.0;
				PRODUCT_BUNDLE_IDENTIFIER = "gurhanyuvarlak.eRestaurant-Tez";
				PRODUCT_NAME = "$(TARGET_NAME)";
				SWIFT_EMIT_LOC_STRINGS = YES;
				SWIFT_VERSION = 5.0;
				TARGETED_DEVICE_FAMILY = "1,2";
			};
			name = Debug;
		};
		3F1D39AB277CCA6000E75D81 /* Release */ = {
			isa = XCBuildConfiguration;
			buildSettings = {
				ASSETCATALOG_COMPILER_APPICON_NAME = AppIcon;
				ASSETCATALOG_COMPILER_GLOBAL_ACCENT_COLOR_NAME = AccentColor;
				CODE_SIGN_STYLE = Automatic;
				CURRENT_PROJECT_VERSION = 1;
				DEVELOPMENT_ASSET_PATHS = "\"eRestaurant-Tez/Preview Content\"";
				DEVELOPMENT_TEAM = 57W84AD39K;
				ENABLE_PREVIEWS = YES;
				GENERATE_INFOPLIST_FILE = YES;
				INFOPLIST_FILE = "eRestaurant-Tez/Info.plist";
				INFOPLIST_KEY_UIApplicationSceneManifest_Generation = YES;
				INFOPLIST_KEY_UIApplicationSupportsIndirectInputEvents = YES;
				INFOPLIST_KEY_UILaunchScreen_Generation = YES;
				INFOPLIST_KEY_UISupportedInterfaceOrientations = UIInterfaceOrientationPortrait;
				INFOPLIST_KEY_UISupportedInterfaceOrientations_iPad = "UIInterfaceOrientationPortrait UIInterfaceOrientationPortraitUpsideDown UIInterfaceOrientationLandscapeLeft UIInterfaceOrientationLandscapeRight";
				INFOPLIST_KEY_UISupportedInterfaceOrientations_iPhone = "UIInterfaceOrientationPortrait UIInterfaceOrientationLandscapeLeft UIInterfaceOrientationLandscapeRight";
				IPHONEOS_DEPLOYMENT_TARGET = 14.0;
				LD_RUNPATH_SEARCH_PATHS = (
					"$(inherited)",
					"@executable_path/Frameworks",
				);
				MARKETING_VERSION = 1.0;
				PRODUCT_BUNDLE_IDENTIFIER = "gurhanyuvarlak.eRestaurant-Tez";
				PRODUCT_NAME = "$(TARGET_NAME)";
				SWIFT_EMIT_LOC_STRINGS = YES;
				SWIFT_VERSION = 5.0;
				TARGETED_DEVICE_FAMILY = "1,2";
			};
			name = Release;
		};
/* End XCBuildConfiguration section */

/* Begin XCConfigurationList section */
		3F1D3996277CCA5F00E75D81 /* Build configuration list for PBXProject "eRestaurant-Tez" */ = {
			isa = XCConfigurationList;
			buildConfigurations = (
				3F1D39A7277CCA6000E75D81 /* Debug */,
				3F1D39A8277CCA6000E75D81 /* Release */,
			);
			defaultConfigurationIsVisible = 0;
			defaultConfigurationName = Release;
		};
		3F1D39A9277CCA6000E75D81 /* Build configuration list for PBXNativeTarget "eRestaurant-Tez" */ = {
			isa = XCConfigurationList;
			buildConfigurations = (
				3F1D39AA277CCA6000E75D81 /* Debug */,
				3F1D39AB277CCA6000E75D81 /* Release */,
			);
			defaultConfigurationIsVisible = 0;
			defaultConfigurationName = Release;
		};
/* End XCConfigurationList section */
	};
	rootObject = 3F1D3993277CCA5F00E75D81 /* Project object */;
}
